
Microsoft Visual Studio Solution File, Format Version 12.00
# Visual Studio 15
VisualStudioVersion = 15.0.28307.757
MinimumVisualStudioVersion = 10.0.40219.1
Project("{FAE04EC0-301F-11D3-BF4B-00C04F79EFBC}") = "MH.BL", "MH.BL\MH.BL.csproj", "{C5E04B99-8043-4AB2-A84A-541209087E25}"
EndProject
Project("{2150E333-8FDC-42A3-9474-1A3956D46DE8}") = "Tests", "Tests", "{B0F0FDBA-9372-4C99-9358-B9AFA301530F}"
EndProject
Project("{FAE04EC0-301F-11D3-BF4B-00C04F79EFBC}") = "MH.BLTest", "MH.BLTest\MH.BLTest.csproj", "{FC1ECF59-7BDE-43A4-B878-3CD969C7EA6B}"
EndProject
Global
	GlobalSection(SolutionConfigurationPlatforms) = preSolution
		Debug|Any CPU = Debug|Any CPU
		Release|Any CPU = Release|Any CPU
	EndGlobalSection
	GlobalSection(ProjectConfigurationPlatforms) = postSolution
		{C5E04B99-8043-4AB2-A84A-541209087E25}.Debug|Any CPU.ActiveCfg = Debug|Any CPU
		{C5E04B99-8043-4AB2-A84A-541209087E25}.Debug|Any CPU.Build.0 = Debug|Any CPU
		{C5E04B99-8043-4AB2-A84A-541209087E25}.Release|Any CPU.ActiveCfg = Release|Any CPU
		{C5E04B99-8043-4AB2-A84A-541209087E25}.Release|Any CPU.Build.0 = Release|Any CPU
		{FC1ECF59-7BDE-43A4-B878-3CD969C7EA6B}.Debug|Any CPU.ActiveCfg = Debug|Any CPU
		{FC1ECF59-7BDE-43A4-B878-3CD969C7EA6B}.Debug|Any CPU.Build.0 = Debug|Any CPU
		{FC1ECF59-7BDE-43A4-B878-3CD969C7EA6B}.Release|Any CPU.ActiveCfg = Release|Any CPU
		{FC1ECF59-7BDE-43A4-B878-3CD969C7EA6B}.Release|Any CPU.Build.0 = Release|Any CPU
	EndGlobalSection
	GlobalSection(SolutionProperties) = preSolution
		HideSolutionNode = FALSE
	EndGlobalSection
	GlobalSection(NestedProjects) = preSolution
		{FC1ECF59-7BDE-43A4-B878-3CD969C7EA6B} = {B0F0FDBA-9372-4C99-9358-B9AFA301530F}
	EndGlobalSection
	GlobalSection(ExtensibilityGlobals) = postSolution
		SolutionGuid = {1FB785FE-164C-4854-9E63-25FFEF044E6B}
	EndGlobalSection
EndGlobal
